
Microsoft Visual Studio Solution File, Format Version 12.00
# Visual Studio 15
VisualStudioVersion = 15.0.27130.2036
MinimumVisualStudioVersion = 10.0.40219.1
Project("{8BC9CEB8-8B4A-11D0-8D11-00A0C91BC942}") = "move_semantics_ex3", "move_semantics_ex3\move_semantics_ex3.vcxproj", "{CA97ACCB-68BB-4231-AB52-D46FC3109473}"
EndProject
Global
	GlobalSection(SolutionConfigurationPlatforms) = preSolution
		Debug|x64 = Debug|x64
		Debug|x86 = Debug|x86
		Release|x64 = Release|x64
		Release|x86 = Release|x86
	EndGlobalSection
	GlobalSection(ProjectConfigurationPlatforms) = postSolution
		{CA97ACCB-68BB-4231-AB52-D46FC3109473}.Debug|x64.ActiveCfg = Debug|x64
		{CA97ACCB-68BB-4231-AB52-D46FC3109473}.Debug|x64.Build.0 = Debug|x64
		{CA97ACCB-68BB-4231-AB52-D46FC3109473}.Debug|x86.ActiveCfg = Debug|Win32
		{CA97ACCB-68BB-4231-AB52-D46FC3109473}.Debug|x86.Build.0 = Debug|Win32
		{CA97ACCB-68BB-4231-AB52-D46FC3109473}.Release|x64.ActiveCfg = Release|x64
		{CA97ACCB-68BB-4231-AB52-D46FC3109473}.Release|x64.Build.0 = Release|x64
		{CA97ACCB-68BB-4231-AB52-D46FC3109473}.Release|x86.ActiveCfg = Release|Win32
		{CA97ACCB-68BB-4231-AB52-D46FC3109473}.Release|x86.Build.0 = Release|Win32
	EndGlobalSection
	GlobalSection(SolutionProperties) = preSolution
		HideSolutionNode = FALSE
	EndGlobalSection
	GlobalSection(ExtensibilityGlobals) = postSolution
		SolutionGuid = {DC0E6A27-B983-4230-8081-235F0A9D5022}
	EndGlobalSection
EndGlobal
