
Microsoft Visual Studio Solution File, Format Version 12.00
# Visual Studio 15
VisualStudioVersion = 15.0.27130.2036
MinimumVisualStudioVersion = 10.0.40219.1
Project("{8BC9CEB8-8B4A-11D0-8D11-00A0C91BC942}") = "move_semantics_ex2", "move_semantics_ex2\move_semantics_ex2.vcxproj", "{F92EBD87-B6DD-43E1-9894-70E67AD5936B}"
EndProject
Global
	GlobalSection(SolutionConfigurationPlatforms) = preSolution
		Debug|x64 = Debug|x64
		Debug|x86 = Debug|x86
		Release|x64 = Release|x64
		Release|x86 = Release|x86
	EndGlobalSection
	GlobalSection(ProjectConfigurationPlatforms) = postSolution
		{F92EBD87-B6DD-43E1-9894-70E67AD5936B}.Debug|x64.ActiveCfg = Debug|x64
		{F92EBD87-B6DD-43E1-9894-70E67AD5936B}.Debug|x64.Build.0 = Debug|x64
		{F92EBD87-B6DD-43E1-9894-70E67AD5936B}.Debug|x86.ActiveCfg = Debug|Win32
		{F92EBD87-B6DD-43E1-9894-70E67AD5936B}.Debug|x86.Build.0 = Debug|Win32
		{F92EBD87-B6DD-43E1-9894-70E67AD5936B}.Release|x64.ActiveCfg = Release|x64
		{F92EBD87-B6DD-43E1-9894-70E67AD5936B}.Release|x64.Build.0 = Release|x64
		{F92EBD87-B6DD-43E1-9894-70E67AD5936B}.Release|x86.ActiveCfg = Release|Win32
		{F92EBD87-B6DD-43E1-9894-70E67AD5936B}.Release|x86.Build.0 = Release|Win32
	EndGlobalSection
	GlobalSection(SolutionProperties) = preSolution
		HideSolutionNode = FALSE
	EndGlobalSection
	GlobalSection(ExtensibilityGlobals) = postSolution
		SolutionGuid = {4F256E9C-B06A-44A1-91CE-5725427F3C62}
	EndGlobalSection
EndGlobal
