
Microsoft Visual Studio Solution File, Format Version 12.00
# Visual Studio 15
VisualStudioVersion = 15.0.27130.2036
MinimumVisualStudioVersion = 10.0.40219.1
Project("{8BC9CEB8-8B4A-11D0-8D11-00A0C91BC942}") = "type_deduction", "type_deduction\type_deduction.vcxproj", "{C476D14D-E594-41E2-9E48-3C58A351FA76}"
EndProject
Global
	GlobalSection(SolutionConfigurationPlatforms) = preSolution
		Debug|x64 = Debug|x64
		Debug|x86 = Debug|x86
		Release|x64 = Release|x64
		Release|x86 = Release|x86
	EndGlobalSection
	GlobalSection(ProjectConfigurationPlatforms) = postSolution
		{C476D14D-E594-41E2-9E48-3C58A351FA76}.Debug|x64.ActiveCfg = Debug|x64
		{C476D14D-E594-41E2-9E48-3C58A351FA76}.Debug|x64.Build.0 = Debug|x64
		{C476D14D-E594-41E2-9E48-3C58A351FA76}.Debug|x86.ActiveCfg = Debug|Win32
		{C476D14D-E594-41E2-9E48-3C58A351FA76}.Debug|x86.Build.0 = Debug|Win32
		{C476D14D-E594-41E2-9E48-3C58A351FA76}.Release|x64.ActiveCfg = Release|x64
		{C476D14D-E594-41E2-9E48-3C58A351FA76}.Release|x64.Build.0 = Release|x64
		{C476D14D-E594-41E2-9E48-3C58A351FA76}.Release|x86.ActiveCfg = Release|Win32
		{C476D14D-E594-41E2-9E48-3C58A351FA76}.Release|x86.Build.0 = Release|Win32
	EndGlobalSection
	GlobalSection(SolutionProperties) = preSolution
		HideSolutionNode = FALSE
	EndGlobalSection
	GlobalSection(ExtensibilityGlobals) = postSolution
		SolutionGuid = {E56CA33D-28CC-4366-B961-2A3EEE3A5664}
	EndGlobalSection
EndGlobal
