
Microsoft Visual Studio Solution File, Format Version 12.00
# Visual Studio 15
VisualStudioVersion = 15.0.27130.2036
MinimumVisualStudioVersion = 10.0.40219.1
Project("{8BC9CEB8-8B4A-11D0-8D11-00A0C91BC942}") = "universal_reference", "universal_reference\universal_reference.vcxproj", "{68F33AAB-4F40-4754-A224-BB8D2D681761}"
EndProject
Global
	GlobalSection(SolutionConfigurationPlatforms) = preSolution
		Debug|x64 = Debug|x64
		Debug|x86 = Debug|x86
		Release|x64 = Release|x64
		Release|x86 = Release|x86
	EndGlobalSection
	GlobalSection(ProjectConfigurationPlatforms) = postSolution
		{68F33AAB-4F40-4754-A224-BB8D2D681761}.Debug|x64.ActiveCfg = Debug|x64
		{68F33AAB-4F40-4754-A224-BB8D2D681761}.Debug|x64.Build.0 = Debug|x64
		{68F33AAB-4F40-4754-A224-BB8D2D681761}.Debug|x86.ActiveCfg = Debug|Win32
		{68F33AAB-4F40-4754-A224-BB8D2D681761}.Debug|x86.Build.0 = Debug|Win32
		{68F33AAB-4F40-4754-A224-BB8D2D681761}.Release|x64.ActiveCfg = Release|x64
		{68F33AAB-4F40-4754-A224-BB8D2D681761}.Release|x64.Build.0 = Release|x64
		{68F33AAB-4F40-4754-A224-BB8D2D681761}.Release|x86.ActiveCfg = Release|Win32
		{68F33AAB-4F40-4754-A224-BB8D2D681761}.Release|x86.Build.0 = Release|Win32
	EndGlobalSection
	GlobalSection(SolutionProperties) = preSolution
		HideSolutionNode = FALSE
	EndGlobalSection
	GlobalSection(ExtensibilityGlobals) = postSolution
		SolutionGuid = {F907F3A3-AC40-4F76-9C81-2DC3CDE7BCC4}
	EndGlobalSection
EndGlobal
